
Microsoft Visual Studio Solution File, Format Version 12.00
# Visual Studio Version 17
VisualStudioVersion = 17.13.35818.85
MinimumVisualStudioVersion = 10.0.40219.1
Project("{FAE04EC0-301F-11D3-BF4B-00C04F79EFBC}") = "1- Introduction", "1- Introduction.csproj", "{36BE77BF-A3DB-49B5-81A9-02A80E26E620}"
EndProject
Project("{FAE04EC0-301F-11D3-BF4B-00C04F79EFBC}") = "2- Variables", "..\2- Variables\2- Variables.csproj", "{F7D1B2BB-C6A9-4F01-93F3-6756CB3CF34D}"
EndProject
Project("{FAE04EC0-301F-11D3-BF4B-00C04F79EFBC}") = "3- Object_Var_Dynamic", "..\3- Object_Var_Dynamic\3- Object_Var_Dynamic.csproj", "{0B0734AC-D3C0-4D4B-A7AE-9EA978BEF15B}"
EndProject
Project("{FAE04EC0-301F-11D3-BF4B-00C04F79EFBC}") = "4- Arithmetic_Operators", "..\4- Arithmetic_Operators\4- Arithmetic_Operators.csproj", "{FF19D35B-6867-4935-81B0-A92782896C44}"
EndProject
Project("{FAE04EC0-301F-11D3-BF4B-00C04F79EFBC}") = "5- Type_Casting", "..\5- Type_Casting\5- Type_Casting.csproj", "{7DE45820-93D6-474E-8A3A-61C8EAB45EFC}"
EndProject
Project("{FAE04EC0-301F-11D3-BF4B-00C04F79EFBC}") = "6- Type_Casting_Lab", "..\6- Type_Casting_Lab\6- Type_Casting_Lab.csproj", "{362F6D91-8D05-4A21-96B7-D2B64EA36F19}"
EndProject
Project("{FAE04EC0-301F-11D3-BF4B-00C04F79EFBC}") = "7- Try_Catch", "..\7- Try_Catch\7- Try_Catch.csproj", "{2F33E82A-6B71-458A-AF6F-1E5228D7F0F9}"
EndProject
Project("{FAE04EC0-301F-11D3-BF4B-00C04F79EFBC}") = "8- Decision_Structure", "..\8- Decision_Structure\8- Decision_Structure.csproj", "{F9DE5914-0C7F-46D7-A72D-585FA7DFB20D}"
EndProject
Project("{FAE04EC0-301F-11D3-BF4B-00C04F79EFBC}") = "9- Ternary_If", "..\9- Ternary_If\9- Ternary_If.csproj", "{C6F4E682-629A-4119-A9FF-9A35618781AC}"
EndProject
Project("{FAE04EC0-301F-11D3-BF4B-00C04F79EFBC}") = "10- Switch_Case", "..\10- Switch_Case\10- Switch_Case.csproj", "{0E7DD7CA-6A6A-4789-A8B7-5760F666AA0D}"
EndProject
Project("{FAE04EC0-301F-11D3-BF4B-00C04F79EFBC}") = "11- For_loop", "..\11- For_loop\11- For_loop.csproj", "{DB2AE258-BB07-4E2F-8DB9-94A17006948D}"
EndProject
Project("{FAE04EC0-301F-11D3-BF4B-00C04F79EFBC}") = "12- While_Loop", "..\12- While_Loop\12- While_Loop.csproj", "{4953046E-0E4F-4409-B132-D502011B0CA2}"
EndProject
Project("{FAE04EC0-301F-11D3-BF4B-00C04F79EFBC}") = "13- Do_While_Loop", "..\13- Do_While_Loop\13- Do_While_Loop.csproj", "{FD7307A3-F5E3-4998-BD4C-824D9496330F}"
EndProject
Project("{FAE04EC0-301F-11D3-BF4B-00C04F79EFBC}") = "14- Calculater_Lab", "..\14- Calculater_Lab\14- Calculater_Lab.csproj", "{00FB278D-D8ED-4598-B0F1-C14E57B85809}"
EndProject
Project("{FAE04EC0-301F-11D3-BF4B-00C04F79EFBC}") = "15- Number_Guessing_Game", "..\15- Number_Guessing_Game\15- Number_Guessing_Game.csproj", "{ACAD7F1E-F15B-4757-B376-B9C09852193B}"
EndProject
Project("{FAE04EC0-301F-11D3-BF4B-00C04F79EFBC}") = "16- Prime_Number_Finding", "..\16- Prime_Number_Finding\16- Prime_Number_Finding.csproj", "{CF8B601D-9D41-49FD-8638-92C920E3E066}"
EndProject
Project("{FAE04EC0-301F-11D3-BF4B-00C04F79EFBC}") = "17- Jump_Statements", "..\17- Jump_Statements\17- Jump_Statements.csproj", "{67470644-DBC9-4374-98EC-FDEE92185122}"
EndProject
Project("{FAE04EC0-301F-11D3-BF4B-00C04F79EFBC}") = "18- Arrays", "..\18- Arrays\18- Arrays.csproj", "{A9CC60A6-6236-4091-A6C4-3A8D3F89487D}"
EndProject
Project("{FAE04EC0-301F-11D3-BF4B-00C04F79EFBC}") = "19- MethodsOfArrays", "..\19- MethodsOfArrays\19- MethodsOfArrays.csproj", "{F93C60A1-C9EB-452B-B090-BC1B5B83A12B}"
EndProject
Project("{FAE04EC0-301F-11D3-BF4B-00C04F79EFBC}") = "20- List", "..\20- List\20- List.csproj", "{2D113405-4387-441B-8A97-EC136CA3FC37}"
EndProject
Project("{FAE04EC0-301F-11D3-BF4B-00C04F79EFBC}") = "21- DiziList_Lab", "..\21- DiziList_Lab\21- DiziList_Lab.csproj", "{E6E1FCF7-B84D-4899-AB62-B8D44F0B4FB2}"
EndProject
Project("{FAE04EC0-301F-11D3-BF4B-00C04F79EFBC}") = "22- ArrayList", "..\22- ArrayList\22- ArrayList.csproj", "{B53AD634-CE93-4247-91E8-137B39A7FDB9}"
EndProject
Project("{FAE04EC0-301F-11D3-BF4B-00C04F79EFBC}") = "23- Built_In_Funciton_String", "..\23- Built_In_Funciton_String\23- Built_In_Funciton_String.csproj", "{4F8C34D3-D760-4F47-B659-2B0B691626F9}"
EndProject
Project("{FAE04EC0-301F-11D3-BF4B-00C04F79EFBC}") = "24- Built_In_Function_Math", "..\24- Built_In_Function_Math\24- Built_In_Function_Math.csproj", "{F1624784-B72A-4F15-9E35-4E33DD5005D8}"
EndProject
Project("{FAE04EC0-301F-11D3-BF4B-00C04F79EFBC}") = "25- Methods", "..\25- Methods\25- Methods.csproj", "{41A17D4C-A042-4426-92FC-99D98FF8A320}"
EndProject
Project("{FAE04EC0-301F-11D3-BF4B-00C04F79EFBC}") = "26-Methods_Lab", "..\26-Methods_Lab\26-Methods_Lab.csproj", "{82BFC946-6B67-42D6-9192-92AF0ACDF931}"
EndProject
Project("{FAE04EC0-301F-11D3-BF4B-00C04F79EFBC}") = "27- Methods_With_Parameters", "..\27- Methods_With_Parameters\27- Methods_With_Parameters.csproj", "{0D320E39-50B9-4348-A4B5-573B9D14B653}"
EndProject
Project("{FAE04EC0-301F-11D3-BF4B-00C04F79EFBC}") = "28- Value_Returning_Methods", "..\28- Value_Returning_Methods\28- Value_Returning_Methods.csproj", "{C87FCF75-9F59-4F64-90BC-3F0EE2CCE715}"
EndProject
Project("{FAE04EC0-301F-11D3-BF4B-00C04F79EFBC}") = "29- Methods_Lab_2", "..\29- Methods_Lab_2\29- Methods_Lab_2.csproj", "{77C7800F-1D21-4C8E-9499-D7C97B1E1B6A}"
EndProject
Project("{FAE04EC0-301F-11D3-BF4B-00C04F79EFBC}") = "30- Methods_Overloading", "..\30- Methods_Overloading\30- Methods_Overloading.csproj", "{3E332400-519F-40A3-AFFA-87A414E4ACE2}"
EndProject
Project("{FAE04EC0-301F-11D3-BF4B-00C04F79EFBC}") = "31- Methods_Overloading_Lab", "..\31- Methods_Overloading_Lab\31- Methods_Overloading_Lab.csproj", "{CDCB74E3-8652-4C21-8B5D-C6FD69BADFEC}"
EndProject
Project("{FAE04EC0-301F-11D3-BF4B-00C04F79EFBC}") = "32- Local_Methods_Function", "..\32- Local_Methods_Function\32- Local_Methods_Function.csproj", "{5AB85EB0-7B85-4162-A9D2-8B4F3F8E3F0A}"
EndProject
Global
	GlobalSection(SolutionConfigurationPlatforms) = preSolution
		Debug|Any CPU = Debug|Any CPU
		Release|Any CPU = Release|Any CPU
	EndGlobalSection
	GlobalSection(ProjectConfigurationPlatforms) = postSolution
		{36BE77BF-A3DB-49B5-81A9-02A80E26E620}.Debug|Any CPU.ActiveCfg = Debug|Any CPU
		{36BE77BF-A3DB-49B5-81A9-02A80E26E620}.Debug|Any CPU.Build.0 = Debug|Any CPU
		{36BE77BF-A3DB-49B5-81A9-02A80E26E620}.Release|Any CPU.ActiveCfg = Release|Any CPU
		{36BE77BF-A3DB-49B5-81A9-02A80E26E620}.Release|Any CPU.Build.0 = Release|Any CPU
		{F7D1B2BB-C6A9-4F01-93F3-6756CB3CF34D}.Debug|Any CPU.ActiveCfg = Debug|Any CPU
		{F7D1B2BB-C6A9-4F01-93F3-6756CB3CF34D}.Debug|Any CPU.Build.0 = Debug|Any CPU
		{F7D1B2BB-C6A9-4F01-93F3-6756CB3CF34D}.Release|Any CPU.ActiveCfg = Release|Any CPU
		{F7D1B2BB-C6A9-4F01-93F3-6756CB3CF34D}.Release|Any CPU.Build.0 = Release|Any CPU
		{0B0734AC-D3C0-4D4B-A7AE-9EA978BEF15B}.Debug|Any CPU.ActiveCfg = Debug|Any CPU
		{0B0734AC-D3C0-4D4B-A7AE-9EA978BEF15B}.Debug|Any CPU.Build.0 = Debug|Any CPU
		{0B0734AC-D3C0-4D4B-A7AE-9EA978BEF15B}.Release|Any CPU.ActiveCfg = Release|Any CPU
		{0B0734AC-D3C0-4D4B-A7AE-9EA978BEF15B}.Release|Any CPU.Build.0 = Release|Any CPU
		{FF19D35B-6867-4935-81B0-A92782896C44}.Debug|Any CPU.ActiveCfg = Debug|Any CPU
		{FF19D35B-6867-4935-81B0-A92782896C44}.Debug|Any CPU.Build.0 = Debug|Any CPU
		{FF19D35B-6867-4935-81B0-A92782896C44}.Release|Any CPU.ActiveCfg = Release|Any CPU
		{FF19D35B-6867-4935-81B0-A92782896C44}.Release|Any CPU.Build.0 = Release|Any CPU
		{7DE45820-93D6-474E-8A3A-61C8EAB45EFC}.Debug|Any CPU.ActiveCfg = Debug|Any CPU
		{7DE45820-93D6-474E-8A3A-61C8EAB45EFC}.Debug|Any CPU.Build.0 = Debug|Any CPU
		{7DE45820-93D6-474E-8A3A-61C8EAB45EFC}.Release|Any CPU.ActiveCfg = Release|Any CPU
		{7DE45820-93D6-474E-8A3A-61C8EAB45EFC}.Release|Any CPU.Build.0 = Release|Any CPU
		{362F6D91-8D05-4A21-96B7-D2B64EA36F19}.Debug|Any CPU.ActiveCfg = Debug|Any CPU
		{362F6D91-8D05-4A21-96B7-D2B64EA36F19}.Debug|Any CPU.Build.0 = Debug|Any CPU
		{362F6D91-8D05-4A21-96B7-D2B64EA36F19}.Release|Any CPU.ActiveCfg = Release|Any CPU
		{362F6D91-8D05-4A21-96B7-D2B64EA36F19}.Release|Any CPU.Build.0 = Release|Any CPU
		{2F33E82A-6B71-458A-AF6F-1E5228D7F0F9}.Debug|Any CPU.ActiveCfg = Debug|Any CPU
		{2F33E82A-6B71-458A-AF6F-1E5228D7F0F9}.Debug|Any CPU.Build.0 = Debug|Any CPU
		{2F33E82A-6B71-458A-AF6F-1E5228D7F0F9}.Release|Any CPU.ActiveCfg = Release|Any CPU
		{2F33E82A-6B71-458A-AF6F-1E5228D7F0F9}.Release|Any CPU.Build.0 = Release|Any CPU
		{F9DE5914-0C7F-46D7-A72D-585FA7DFB20D}.Debug|Any CPU.ActiveCfg = Debug|Any CPU
		{F9DE5914-0C7F-46D7-A72D-585FA7DFB20D}.Debug|Any CPU.Build.0 = Debug|Any CPU
		{F9DE5914-0C7F-46D7-A72D-585FA7DFB20D}.Release|Any CPU.ActiveCfg = Release|Any CPU
		{F9DE5914-0C7F-46D7-A72D-585FA7DFB20D}.Release|Any CPU.Build.0 = Release|Any CPU
		{C6F4E682-629A-4119-A9FF-9A35618781AC}.Debug|Any CPU.ActiveCfg = Debug|Any CPU
		{C6F4E682-629A-4119-A9FF-9A35618781AC}.Debug|Any CPU.Build.0 = Debug|Any CPU
		{C6F4E682-629A-4119-A9FF-9A35618781AC}.Release|Any CPU.ActiveCfg = Release|Any CPU
		{C6F4E682-629A-4119-A9FF-9A35618781AC}.Release|Any CPU.Build.0 = Release|Any CPU
		{0E7DD7CA-6A6A-4789-A8B7-5760F666AA0D}.Debug|Any CPU.ActiveCfg = Debug|Any CPU
		{0E7DD7CA-6A6A-4789-A8B7-5760F666AA0D}.Debug|Any CPU.Build.0 = Debug|Any CPU
		{0E7DD7CA-6A6A-4789-A8B7-5760F666AA0D}.Release|Any CPU.ActiveCfg = Release|Any CPU
		{0E7DD7CA-6A6A-4789-A8B7-5760F666AA0D}.Release|Any CPU.Build.0 = Release|Any CPU
		{DB2AE258-BB07-4E2F-8DB9-94A17006948D}.Debug|Any CPU.ActiveCfg = Debug|Any CPU
		{DB2AE258-BB07-4E2F-8DB9-94A17006948D}.Debug|Any CPU.Build.0 = Debug|Any CPU
		{DB2AE258-BB07-4E2F-8DB9-94A17006948D}.Release|Any CPU.ActiveCfg = Release|Any CPU
		{DB2AE258-BB07-4E2F-8DB9-94A17006948D}.Release|Any CPU.Build.0 = Release|Any CPU
		{4953046E-0E4F-4409-B132-D502011B0CA2}.Debug|Any CPU.ActiveCfg = Debug|Any CPU
		{4953046E-0E4F-4409-B132-D502011B0CA2}.Debug|Any CPU.Build.0 = Debug|Any CPU
		{4953046E-0E4F-4409-B132-D502011B0CA2}.Release|Any CPU.ActiveCfg = Release|Any CPU
		{4953046E-0E4F-4409-B132-D502011B0CA2}.Release|Any CPU.Build.0 = Release|Any CPU
		{FD7307A3-F5E3-4998-BD4C-824D9496330F}.Debug|Any CPU.ActiveCfg = Debug|Any CPU
		{FD7307A3-F5E3-4998-BD4C-824D9496330F}.Debug|Any CPU.Build.0 = Debug|Any CPU
		{FD7307A3-F5E3-4998-BD4C-824D9496330F}.Release|Any CPU.ActiveCfg = Release|Any CPU
		{FD7307A3-F5E3-4998-BD4C-824D9496330F}.Release|Any CPU.Build.0 = Release|Any CPU
		{00FB278D-D8ED-4598-B0F1-C14E57B85809}.Debug|Any CPU.ActiveCfg = Debug|Any CPU
		{00FB278D-D8ED-4598-B0F1-C14E57B85809}.Debug|Any CPU.Build.0 = Debug|Any CPU
		{00FB278D-D8ED-4598-B0F1-C14E57B85809}.Release|Any CPU.ActiveCfg = Release|Any CPU
		{00FB278D-D8ED-4598-B0F1-C14E57B85809}.Release|Any CPU.Build.0 = Release|Any CPU
		{ACAD7F1E-F15B-4757-B376-B9C09852193B}.Debug|Any CPU.ActiveCfg = Debug|Any CPU
		{ACAD7F1E-F15B-4757-B376-B9C09852193B}.Debug|Any CPU.Build.0 = Debug|Any CPU
		{ACAD7F1E-F15B-4757-B376-B9C09852193B}.Release|Any CPU.ActiveCfg = Release|Any CPU
		{ACAD7F1E-F15B-4757-B376-B9C09852193B}.Release|Any CPU.Build.0 = Release|Any CPU
		{CF8B601D-9D41-49FD-8638-92C920E3E066}.Debug|Any CPU.ActiveCfg = Debug|Any CPU
		{CF8B601D-9D41-49FD-8638-92C920E3E066}.Debug|Any CPU.Build.0 = Debug|Any CPU
		{CF8B601D-9D41-49FD-8638-92C920E3E066}.Release|Any CPU.ActiveCfg = Release|Any CPU
		{CF8B601D-9D41-49FD-8638-92C920E3E066}.Release|Any CPU.Build.0 = Release|Any CPU
		{67470644-DBC9-4374-98EC-FDEE92185122}.Debug|Any CPU.ActiveCfg = Debug|Any CPU
		{67470644-DBC9-4374-98EC-FDEE92185122}.Debug|Any CPU.Build.0 = Debug|Any CPU
		{67470644-DBC9-4374-98EC-FDEE92185122}.Release|Any CPU.ActiveCfg = Release|Any CPU
		{67470644-DBC9-4374-98EC-FDEE92185122}.Release|Any CPU.Build.0 = Release|Any CPU
		{A9CC60A6-6236-4091-A6C4-3A8D3F89487D}.Debug|Any CPU.ActiveCfg = Debug|Any CPU
		{A9CC60A6-6236-4091-A6C4-3A8D3F89487D}.Debug|Any CPU.Build.0 = Debug|Any CPU
		{A9CC60A6-6236-4091-A6C4-3A8D3F89487D}.Release|Any CPU.ActiveCfg = Release|Any CPU
		{A9CC60A6-6236-4091-A6C4-3A8D3F89487D}.Release|Any CPU.Build.0 = Release|Any CPU
		{F93C60A1-C9EB-452B-B090-BC1B5B83A12B}.Debug|Any CPU.ActiveCfg = Debug|Any CPU
		{F93C60A1-C9EB-452B-B090-BC1B5B83A12B}.Debug|Any CPU.Build.0 = Debug|Any CPU
		{F93C60A1-C9EB-452B-B090-BC1B5B83A12B}.Release|Any CPU.ActiveCfg = Release|Any CPU
		{F93C60A1-C9EB-452B-B090-BC1B5B83A12B}.Release|Any CPU.Build.0 = Release|Any CPU
		{2D113405-4387-441B-8A97-EC136CA3FC37}.Debug|Any CPU.ActiveCfg = Debug|Any CPU
		{2D113405-4387-441B-8A97-EC136CA3FC37}.Debug|Any CPU.Build.0 = Debug|Any CPU
		{2D113405-4387-441B-8A97-EC136CA3FC37}.Release|Any CPU.ActiveCfg = Release|Any CPU
		{2D113405-4387-441B-8A97-EC136CA3FC37}.Release|Any CPU.Build.0 = Release|Any CPU
		{E6E1FCF7-B84D-4899-AB62-B8D44F0B4FB2}.Debug|Any CPU.ActiveCfg = Debug|Any CPU
		{E6E1FCF7-B84D-4899-AB62-B8D44F0B4FB2}.Debug|Any CPU.Build.0 = Debug|Any CPU
		{E6E1FCF7-B84D-4899-AB62-B8D44F0B4FB2}.Release|Any CPU.ActiveCfg = Release|Any CPU
		{E6E1FCF7-B84D-4899-AB62-B8D44F0B4FB2}.Release|Any CPU.Build.0 = Release|Any CPU
		{B53AD634-CE93-4247-91E8-137B39A7FDB9}.Debug|Any CPU.ActiveCfg = Debug|Any CPU
		{B53AD634-CE93-4247-91E8-137B39A7FDB9}.Debug|Any CPU.Build.0 = Debug|Any CPU
		{B53AD634-CE93-4247-91E8-137B39A7FDB9}.Release|Any CPU.ActiveCfg = Release|Any CPU
		{B53AD634-CE93-4247-91E8-137B39A7FDB9}.Release|Any CPU.Build.0 = Release|Any CPU
		{4F8C34D3-D760-4F47-B659-2B0B691626F9}.Debug|Any CPU.ActiveCfg = Debug|Any CPU
		{4F8C34D3-D760-4F47-B659-2B0B691626F9}.Debug|Any CPU.Build.0 = Debug|Any CPU
		{4F8C34D3-D760-4F47-B659-2B0B691626F9}.Release|Any CPU.ActiveCfg = Release|Any CPU
		{4F8C34D3-D760-4F47-B659-2B0B691626F9}.Release|Any CPU.Build.0 = Release|Any CPU
		{F1624784-B72A-4F15-9E35-4E33DD5005D8}.Debug|Any CPU.ActiveCfg = Debug|Any CPU
		{F1624784-B72A-4F15-9E35-4E33DD5005D8}.Debug|Any CPU.Build.0 = Debug|Any CPU
		{F1624784-B72A-4F15-9E35-4E33DD5005D8}.Release|Any CPU.ActiveCfg = Release|Any CPU
		{F1624784-B72A-4F15-9E35-4E33DD5005D8}.Release|Any CPU.Build.0 = Release|Any CPU
		{41A17D4C-A042-4426-92FC-99D98FF8A320}.Debug|Any CPU.ActiveCfg = Debug|Any CPU
		{41A17D4C-A042-4426-92FC-99D98FF8A320}.Debug|Any CPU.Build.0 = Debug|Any CPU
		{41A17D4C-A042-4426-92FC-99D98FF8A320}.Release|Any CPU.ActiveCfg = Release|Any CPU
		{41A17D4C-A042-4426-92FC-99D98FF8A320}.Release|Any CPU.Build.0 = Release|Any CPU
		{82BFC946-6B67-42D6-9192-92AF0ACDF931}.Debug|Any CPU.ActiveCfg = Debug|Any CPU
		{82BFC946-6B67-42D6-9192-92AF0ACDF931}.Debug|Any CPU.Build.0 = Debug|Any CPU
		{82BFC946-6B67-42D6-9192-92AF0ACDF931}.Release|Any CPU.ActiveCfg = Release|Any CPU
		{82BFC946-6B67-42D6-9192-92AF0ACDF931}.Release|Any CPU.Build.0 = Release|Any CPU
		{0D320E39-50B9-4348-A4B5-573B9D14B653}.Debug|Any CPU.ActiveCfg = Debug|Any CPU
		{0D320E39-50B9-4348-A4B5-573B9D14B653}.Debug|Any CPU.Build.0 = Debug|Any CPU
		{0D320E39-50B9-4348-A4B5-573B9D14B653}.Release|Any CPU.ActiveCfg = Release|Any CPU
		{0D320E39-50B9-4348-A4B5-573B9D14B653}.Release|Any CPU.Build.0 = Release|Any CPU
		{C87FCF75-9F59-4F64-90BC-3F0EE2CCE715}.Debug|Any CPU.ActiveCfg = Debug|Any CPU
		{C87FCF75-9F59-4F64-90BC-3F0EE2CCE715}.Debug|Any CPU.Build.0 = Debug|Any CPU
		{C87FCF75-9F59-4F64-90BC-3F0EE2CCE715}.Release|Any CPU.ActiveCfg = Release|Any CPU
		{C87FCF75-9F59-4F64-90BC-3F0EE2CCE715}.Release|Any CPU.Build.0 = Release|Any CPU
		{77C7800F-1D21-4C8E-9499-D7C97B1E1B6A}.Debug|Any CPU.ActiveCfg = Debug|Any CPU
		{77C7800F-1D21-4C8E-9499-D7C97B1E1B6A}.Debug|Any CPU.Build.0 = Debug|Any CPU
		{77C7800F-1D21-4C8E-9499-D7C97B1E1B6A}.Release|Any CPU.ActiveCfg = Release|Any CPU
		{77C7800F-1D21-4C8E-9499-D7C97B1E1B6A}.Release|Any CPU.Build.0 = Release|Any CPU
		{3E332400-519F-40A3-AFFA-87A414E4ACE2}.Debug|Any CPU.ActiveCfg = Debug|Any CPU
		{3E332400-519F-40A3-AFFA-87A414E4ACE2}.Debug|Any CPU.Build.0 = Debug|Any CPU
		{3E332400-519F-40A3-AFFA-87A414E4ACE2}.Release|Any CPU.ActiveCfg = Release|Any CPU
		{3E332400-519F-40A3-AFFA-87A414E4ACE2}.Release|Any CPU.Build.0 = Release|Any CPU
		{CDCB74E3-8652-4C21-8B5D-C6FD69BADFEC}.Debug|Any CPU.ActiveCfg = Debug|Any CPU
		{CDCB74E3-8652-4C21-8B5D-C6FD69BADFEC}.Debug|Any CPU.Build.0 = Debug|Any CPU
		{CDCB74E3-8652-4C21-8B5D-C6FD69BADFEC}.Release|Any CPU.ActiveCfg = Release|Any CPU
		{CDCB74E3-8652-4C21-8B5D-C6FD69BADFEC}.Release|Any CPU.Build.0 = Release|Any CPU
		{5AB85EB0-7B85-4162-A9D2-8B4F3F8E3F0A}.Debug|Any CPU.ActiveCfg = Debug|Any CPU
		{5AB85EB0-7B85-4162-A9D2-8B4F3F8E3F0A}.Debug|Any CPU.Build.0 = Debug|Any CPU
		{5AB85EB0-7B85-4162-A9D2-8B4F3F8E3F0A}.Release|Any CPU.ActiveCfg = Release|Any CPU
		{5AB85EB0-7B85-4162-A9D2-8B4F3F8E3F0A}.Release|Any CPU.Build.0 = Release|Any CPU
	EndGlobalSection
	GlobalSection(SolutionProperties) = preSolution
		HideSolutionNode = FALSE
	EndGlobalSection
	GlobalSection(ExtensibilityGlobals) = postSolution
		SolutionGuid = {365E6A77-26BB-4C43-826B-694F72E3C1CB}
	EndGlobalSection
EndGlobal
